
Microsoft Visual Studio Solution File, Format Version 12.00
# Visual Studio Version 17
VisualStudioVersion = 17.9.34728.123
MinimumVisualStudioVersion = 10.0.40219.1
Project("{FAE04EC0-301F-11D3-BF4B-00C04F79EFBC}") = "SignalR.App", "SignalR.App\SignalR.App.csproj", "{68ECDCED-4CBB-44CF-A863-86C340127684}"
EndProject
Project("{FAE04EC0-301F-11D3-BF4B-00C04F79EFBC}") = "SignalR.Web", "SignalR.Web\SignalR.Web.csproj", "{80407663-3310-43DC-A387-9336EC69E204}"
EndProject
Project("{FAE04EC0-301F-11D3-BF4B-00C04F79EFBC}") = "SignalR.Lib", "SignalR.Lib\SignalR.Lib\SignalR.Lib.csproj", "{A5A84E63-52D1-4B71-ABFD-BD0A9BB08F7E}"
EndProject
Global
	GlobalSection(SolutionConfigurationPlatforms) = preSolution
		Debug|Any CPU = Debug|Any CPU
		Release|Any CPU = Release|Any CPU
	EndGlobalSection
	GlobalSection(ProjectConfigurationPlatforms) = postSolution
		{68ECDCED-4CBB-44CF-A863-86C340127684}.Debug|Any CPU.ActiveCfg = Debug|Any CPU
		{68ECDCED-4CBB-44CF-A863-86C340127684}.Debug|Any CPU.Build.0 = Debug|Any CPU
		{68ECDCED-4CBB-44CF-A863-86C340127684}.Release|Any CPU.ActiveCfg = Release|Any CPU
		{68ECDCED-4CBB-44CF-A863-86C340127684}.Release|Any CPU.Build.0 = Release|Any CPU
		{80407663-3310-43DC-A387-9336EC69E204}.Debug|Any CPU.ActiveCfg = Debug|Any CPU
		{80407663-3310-43DC-A387-9336EC69E204}.Debug|Any CPU.Build.0 = Debug|Any CPU
		{80407663-3310-43DC-A387-9336EC69E204}.Release|Any CPU.ActiveCfg = Release|Any CPU
		{80407663-3310-43DC-A387-9336EC69E204}.Release|Any CPU.Build.0 = Release|Any CPU
		{A5A84E63-52D1-4B71-ABFD-BD0A9BB08F7E}.Debug|Any CPU.ActiveCfg = Debug|Any CPU
		{A5A84E63-52D1-4B71-ABFD-BD0A9BB08F7E}.Debug|Any CPU.Build.0 = Debug|Any CPU
		{A5A84E63-52D1-4B71-ABFD-BD0A9BB08F7E}.Release|Any CPU.ActiveCfg = Release|Any CPU
		{A5A84E63-52D1-4B71-ABFD-BD0A9BB08F7E}.Release|Any CPU.Build.0 = Release|Any CPU
	EndGlobalSection
	GlobalSection(SolutionProperties) = preSolution
		HideSolutionNode = FALSE
	EndGlobalSection
	GlobalSection(ExtensibilityGlobals) = postSolution
		SolutionGuid = {47CE54C1-D882-40B5-88B2-075A54921A35}
	EndGlobalSection
EndGlobal
